
Microsoft Visual Studio Solution File, Format Version 12.00
# Visual Studio 15
VisualStudioVersion = 15.0.28307.645
MinimumVisualStudioVersion = 10.0.40219.1
Project("{FAE04EC0-301F-11D3-BF4B-00C04F79EFBC}") = "DeliveryFinder", "DeliveryFinder\DeliveryFinder.csproj", "{6F5F9029-4D09-4D81-ADBA-C8B63BBD90C0}"
EndProject
Global
	GlobalSection(SolutionConfigurationPlatforms) = preSolution
		Debug|Any CPU = Debug|Any CPU
		Release|Any CPU = Release|Any CPU
	EndGlobalSection
	GlobalSection(ProjectConfigurationPlatforms) = postSolution
		{6F5F9029-4D09-4D81-ADBA-C8B63BBD90C0}.Debug|Any CPU.ActiveCfg = Debug|Any CPU
		{6F5F9029-4D09-4D81-ADBA-C8B63BBD90C0}.Debug|Any CPU.Build.0 = Debug|Any CPU
		{6F5F9029-4D09-4D81-ADBA-C8B63BBD90C0}.Release|Any CPU.ActiveCfg = Release|Any CPU
		{6F5F9029-4D09-4D81-ADBA-C8B63BBD90C0}.Release|Any CPU.Build.0 = Release|Any CPU
	EndGlobalSection
	GlobalSection(SolutionProperties) = preSolution
		HideSolutionNode = FALSE
	EndGlobalSection
	GlobalSection(ExtensibilityGlobals) = postSolution
		SolutionGuid = {C8E67981-DB17-4B40-811C-881A3C6EE3C7}
	EndGlobalSection
EndGlobal
